Microsoft Visual Studio Solution File, Format Version 11.00
# Visual Studio 2008

Project("{35943833-EE2A-5506-5946-2082DC9370DA}") = "IT Project", "Assembly-CSharp.csproj", "{47A833F3-8E45-99F9-7BF7-93CB604B4D52}"
EndProject
Global
	GlobalSection(SolutionConfigurationPlatforms) = preSolution
		Debug|Any CPU = Debug|Any CPU
		Release|Any CPU = Release|Any CPU
	EndGlobalSection
	GlobalSection(ProjectConfigurationPlatforms) = postSolution
		{47A833F3-8E45-99F9-7BF7-93CB604B4D52}.Debug|Any CPU.ActiveCfg = Debug|Any CPU
		{47A833F3-8E45-99F9-7BF7-93CB604B4D52}.Debug|Any CPU.Build.0 = Debug|Any CPU
		{47A833F3-8E45-99F9-7BF7-93CB604B4D52}.Release|Any CPU.ActiveCfg = Release|Any CPU
		{47A833F3-8E45-99F9-7BF7-93CB604B4D52}.Release|Any CPU.Build.0 = Release|Any CPU
	EndGlobalSection
	GlobalSection(SolutionProperties) = preSolution
		HideSolutionNode = FALSE
	EndGlobalSection
	GlobalSection(MonoDevelopProperties) = preSolution
		StartupItem = Assembly-CSharp.csproj
	EndGlobalSection
EndGlobal
